
Microsoft Visual Studio Solution File, Format Version 12.00
# Visual Studio Version 17
VisualStudioVersion = 17.13.35913.81
MinimumVisualStudioVersion = 10.0.40219.1
Project("{FAE04EC0-301F-11D3-BF4B-00C04F79EFBC}") = "Application", "Application\Application.csproj", "{3C1E9578-2189-4929-9BE7-7C572CCC5EB9}"
EndProject
Project("{FAE04EC0-301F-11D3-BF4B-00C04F79EFBC}") = "Infraestructure", "Infraestructure\Infraestructure.csproj", "{888BB8E7-8123-4438-95C3-B001C32247D0}"
EndProject
Project("{FAE04EC0-301F-11D3-BF4B-00C04F79EFBC}") = "Domain", "Domain\Domain.csproj", "{D0E33426-FAE1-4CF7-B527-12D4F0309953}"
EndProject
Project("{E53339B2-1760-4266-BCC7-CA923CBCF16C}") = "docker-compose", "docker-compose.dcproj", "{81DDED9D-158B-E303-5F62-77A2896D2A5A}"
EndProject
Project("{2150E333-8FDC-42A3-9474-1A3956D46DE8}") = "src", "src", "{02EA681E-C7D8-13C7-8484-4AC65E1B71E8}"
	ProjectSection(SolutionItems) = preProject
		coverlet.runsettings = coverlet.runsettings
	EndProjectSection
EndProject
Project("{2150E333-8FDC-42A3-9474-1A3956D46DE8}") = "tests", "tests", "{27567092-ACD9-4B03-8E09-5FCF8B6A0F52}"
EndProject
Project("{FAE04EC0-301F-11D3-BF4B-00C04F79EFBC}") = "Domain.Test", "Domain.Test\Domain.Test.csproj", "{310C968D-FF35-442F-B4EA-1196DB0CD677}"
EndProject
Project("{FAE04EC0-301F-11D3-BF4B-00C04F79EFBC}") = "Application.Test", "Application.Test\Application.Test.csproj", "{5E2E1F47-9522-459B-B7F8-4CCB1663C500}"
EndProject
Project("{FAE04EC0-301F-11D3-BF4B-00C04F79EFBC}") = "Infraestructure.QueryExpressionBuilder", "Infraestructure.QueryExpressionBuilder\Infraestructure.QueryExpressionBuilder.csproj", "{DED11A3D-B3AF-455E-92BE-4D927BD6B83F}"
EndProject
Project("{2150E333-8FDC-42A3-9474-1A3956D46DE8}") = "k8s", "k8s", "{380A7511-A354-6D7A-0CC0-8FA1F1BA7B6C}"
	ProjectSection(SolutionItems) = preProject
		k8s\configmap-api.yaml = k8s\configmap-api.yaml
		k8s\deployment-api.yaml = k8s\deployment-api.yaml
		k8s\hpa.yaml = k8s\hpa.yaml
		k8s\secret-api.yaml = k8s\secret-api.yaml
		k8s\service-api.yaml = k8s\service-api.yaml
	EndProjectSection
EndProject
Project("{2150E333-8FDC-42A3-9474-1A3956D46DE8}") = ".github", ".github", "{02D16142-3DB4-4D66-8FEE-47C890B2D54D}"
EndProject
Project("{2150E333-8FDC-42A3-9474-1A3956D46DE8}") = "workflows", "workflows", "{483CDF4D-5E63-448B-8A47-3F838B55E9F4}"
	ProjectSection(SolutionItems) = preProject
		.github\workflows\deploy.yml = .github\workflows\deploy.yml
		.github\workflows\sonar.yml = .github\workflows\sonar.yml
	EndProjectSection
EndProject
Project("{FAE04EC0-301F-11D3-BF4B-00C04F79EFBC}") = "FastFoodPaymentService", "FastFoodPaymentService\FastFoodPaymentService.csproj", "{2ACC066D-019A-BA32-62C2-12605B7FC0EB}"
EndProject
Project("{2150E333-8FDC-42A3-9474-1A3956D46DE8}") = "Itens de Solução", "Itens de Solução", "{DC6CB914-1CA8-4DE1-AC38-233BE14C0DBA}"
	ProjectSection(SolutionItems) = preProject
		README.md = README.md
	EndProjectSection
EndProject
Global
	GlobalSection(SolutionConfigurationPlatforms) = preSolution
		Debug|Any CPU = Debug|Any CPU
		Release|Any CPU = Release|Any CPU
	EndGlobalSection
	GlobalSection(ProjectConfigurationPlatforms) = postSolution
		{3C1E9578-2189-4929-9BE7-7C572CCC5EB9}.Debug|Any CPU.ActiveCfg = Debug|Any CPU
		{3C1E9578-2189-4929-9BE7-7C572CCC5EB9}.Debug|Any CPU.Build.0 = Debug|Any CPU
		{3C1E9578-2189-4929-9BE7-7C572CCC5EB9}.Release|Any CPU.ActiveCfg = Release|Any CPU
		{3C1E9578-2189-4929-9BE7-7C572CCC5EB9}.Release|Any CPU.Build.0 = Release|Any CPU
		{888BB8E7-8123-4438-95C3-B001C32247D0}.Debug|Any CPU.ActiveCfg = Debug|Any CPU
		{888BB8E7-8123-4438-95C3-B001C32247D0}.Debug|Any CPU.Build.0 = Debug|Any CPU
		{888BB8E7-8123-4438-95C3-B001C32247D0}.Release|Any CPU.ActiveCfg = Release|Any CPU
		{888BB8E7-8123-4438-95C3-B001C32247D0}.Release|Any CPU.Build.0 = Release|Any CPU
		{D0E33426-FAE1-4CF7-B527-12D4F0309953}.Debug|Any CPU.ActiveCfg = Debug|Any CPU
		{D0E33426-FAE1-4CF7-B527-12D4F0309953}.Debug|Any CPU.Build.0 = Debug|Any CPU
		{D0E33426-FAE1-4CF7-B527-12D4F0309953}.Release|Any CPU.ActiveCfg = Release|Any CPU
		{D0E33426-FAE1-4CF7-B527-12D4F0309953}.Release|Any CPU.Build.0 = Release|Any CPU
		{81DDED9D-158B-E303-5F62-77A2896D2A5A}.Debug|Any CPU.ActiveCfg = Debug|Any CPU
		{81DDED9D-158B-E303-5F62-77A2896D2A5A}.Debug|Any CPU.Build.0 = Debug|Any CPU
		{81DDED9D-158B-E303-5F62-77A2896D2A5A}.Release|Any CPU.ActiveCfg = Release|Any CPU
		{81DDED9D-158B-E303-5F62-77A2896D2A5A}.Release|Any CPU.Build.0 = Release|Any CPU
		{310C968D-FF35-442F-B4EA-1196DB0CD677}.Debug|Any CPU.ActiveCfg = Debug|Any CPU
		{310C968D-FF35-442F-B4EA-1196DB0CD677}.Debug|Any CPU.Build.0 = Debug|Any CPU
		{310C968D-FF35-442F-B4EA-1196DB0CD677}.Release|Any CPU.ActiveCfg = Release|Any CPU
		{310C968D-FF35-442F-B4EA-1196DB0CD677}.Release|Any CPU.Build.0 = Release|Any CPU
		{5E2E1F47-9522-459B-B7F8-4CCB1663C500}.Debug|Any CPU.ActiveCfg = Debug|Any CPU
		{5E2E1F47-9522-459B-B7F8-4CCB1663C500}.Debug|Any CPU.Build.0 = Debug|Any CPU
		{5E2E1F47-9522-459B-B7F8-4CCB1663C500}.Release|Any CPU.ActiveCfg = Release|Any CPU
		{5E2E1F47-9522-459B-B7F8-4CCB1663C500}.Release|Any CPU.Build.0 = Release|Any CPU
		{DED11A3D-B3AF-455E-92BE-4D927BD6B83F}.Debug|Any CPU.ActiveCfg = Debug|Any CPU
		{DED11A3D-B3AF-455E-92BE-4D927BD6B83F}.Debug|Any CPU.Build.0 = Debug|Any CPU
		{DED11A3D-B3AF-455E-92BE-4D927BD6B83F}.Release|Any CPU.ActiveCfg = Release|Any CPU
		{DED11A3D-B3AF-455E-92BE-4D927BD6B83F}.Release|Any CPU.Build.0 = Release|Any CPU
		{2ACC066D-019A-BA32-62C2-12605B7FC0EB}.Debug|Any CPU.ActiveCfg = Debug|Any CPU
		{2ACC066D-019A-BA32-62C2-12605B7FC0EB}.Debug|Any CPU.Build.0 = Debug|Any CPU
		{2ACC066D-019A-BA32-62C2-12605B7FC0EB}.Release|Any CPU.ActiveCfg = Release|Any CPU
		{2ACC066D-019A-BA32-62C2-12605B7FC0EB}.Release|Any CPU.Build.0 = Release|Any CPU
	EndGlobalSection
	GlobalSection(SolutionProperties) = preSolution
		HideSolutionNode = FALSE
	EndGlobalSection
	GlobalSection(NestedProjects) = preSolution
		{3C1E9578-2189-4929-9BE7-7C572CCC5EB9} = {02EA681E-C7D8-13C7-8484-4AC65E1B71E8}
		{888BB8E7-8123-4438-95C3-B001C32247D0} = {02EA681E-C7D8-13C7-8484-4AC65E1B71E8}
		{D0E33426-FAE1-4CF7-B527-12D4F0309953} = {02EA681E-C7D8-13C7-8484-4AC65E1B71E8}
		{81DDED9D-158B-E303-5F62-77A2896D2A5A} = {02EA681E-C7D8-13C7-8484-4AC65E1B71E8}
		{310C968D-FF35-442F-B4EA-1196DB0CD677} = {27567092-ACD9-4B03-8E09-5FCF8B6A0F52}
		{5E2E1F47-9522-459B-B7F8-4CCB1663C500} = {27567092-ACD9-4B03-8E09-5FCF8B6A0F52}
		{DED11A3D-B3AF-455E-92BE-4D927BD6B83F} = {02EA681E-C7D8-13C7-8484-4AC65E1B71E8}
		{483CDF4D-5E63-448B-8A47-3F838B55E9F4} = {02D16142-3DB4-4D66-8FEE-47C890B2D54D}
		{2ACC066D-019A-BA32-62C2-12605B7FC0EB} = {02EA681E-C7D8-13C7-8484-4AC65E1B71E8}
	EndGlobalSection
	GlobalSection(ExtensibilityGlobals) = postSolution
		SolutionGuid = {E20B827F-B4EC-4E2D-BB9C-F14EE2E6877E}
	EndGlobalSection
EndGlobal
